// !$*UTF8*$!
{
	archiveVersion = 1;
	classes = {
	};
	objectVersion = 55;
	objects = {

/* Begin PBXBuildFile section */
		EA455A2928BCB26A002EDAE9 /* MainViewController.swift in Sources */ = {isa = PBXBuildFile; fileRef = EA455A2828BCB26A002EDAE9 /* MainViewController.swift */; };
		EA455A2B28BCC1BA002EDAE9 /* HomeViewController.swift in Sources */ = {isa = PBXBuildFile; fileRef = EA455A2A28BCC1BA002EDAE9 /* HomeViewController.swift */; };
		EA455A2D28BCC1C9002EDAE9 /* UpcommingViewController.swift in Sources */ = {isa = PBXBuildFile; fileRef = EA455A2C28BCC1C9002EDAE9 /* UpcommingViewController.swift */; };
		EA455A2F28BCC21C002EDAE9 /* SearchViewController.swift in Sources */ = {isa = PBXBuildFile; fileRef = EA455A2E28BCC21C002EDAE9 /* SearchViewController.swift */; };
		EA455A3128BCC277002EDAE9 /* DownloadsViewController.swift in Sources */ = {isa = PBXBuildFile; fileRef = EA455A3028BCC276002EDAE9 /* DownloadsViewController.swift */; };
		EA455A3528BCCC1C002EDAE9 /* HomeFeedCollectionViewCell.swift in Sources */ = {isa = PBXBuildFile; fileRef = EA455A3428BCCC1C002EDAE9 /* HomeFeedCollectionViewCell.swift */; };
		EA455A3728BCD22F002EDAE9 /* HomeFeedCollectionHeaderView.swift in Sources */ = {isa = PBXBuildFile; fileRef = EA455A3628BCD22F002EDAE9 /* HomeFeedCollectionHeaderView.swift */; };
		EA555BE028BC8FA6008311A7 /* AppDelegate.swift in Sources */ = {isa = PBXBuildFile; fileRef = EA555BDF28BC8FA6008311A7 /* AppDelegate.swift */; };
		EA555BE228BC8FA6008311A7 /* SceneDelegate.swift in Sources */ = {isa = PBXBuildFile; fileRef = EA555BE128BC8FA6008311A7 /* SceneDelegate.swift */; };
		EA555BE428BC8FA6008311A7 /* ViewController.swift in Sources */ = {isa = PBXBuildFile; fileRef = EA555BE328BC8FA6008311A7 /* ViewController.swift */; };
		EA555BE928BC8FA8008311A7 /* Assets.xcassets in Resources */ = {isa = PBXBuildFile; fileRef = EA555BE828BC8FA8008311A7 /* Assets.xcassets */; };
		EA555BEC28BC8FA8008311A7 /* LaunchScreen.storyboard in Resources */ = {isa = PBXBuildFile; fileRef = EA555BEA28BC8FA8008311A7 /* LaunchScreen.storyboard */; };
		EA70DE9228BDE2DC003D19A6 /* HomeFeedContentsCollectionCell.swift in Sources */ = {isa = PBXBuildFile; fileRef = EA70DE9128BDE2DC003D19A6 /* HomeFeedContentsCollectionCell.swift */; };
		EA70DE9428BDFD3F003D19A6 /* HomeHeaderView.swift in Sources */ = {isa = PBXBuildFile; fileRef = EA70DE9328BDFD3F003D19A6 /* HomeHeaderView.swift */; };
/* End PBXBuildFile section */

/* Begin PBXFileReference section */
		EA455A2828BCB26A002EDAE9 /* MainViewController.swift */ = {isa = PBXFileReference; lastKnownFileType = sourcecode.swift; path = MainViewController.swift; sourceTree = "<group>"; };
		EA455A2A28BCC1BA002EDAE9 /* HomeViewController.swift */ = {isa = PBXFileReference; lastKnownFileType = sourcecode.swift; path = HomeViewController.swift; sourceTree = "<group>"; };
		EA455A2C28BCC1C9002EDAE9 /* UpcommingViewController.swift */ = {isa = PBXFileReference; lastKnownFileType = sourcecode.swift; path = UpcommingViewController.swift; sourceTree = "<group>"; };
		EA455A2E28BCC21C002EDAE9 /* SearchViewController.swift */ = {isa = PBXFileReference; lastKnownFileType = sourcecode.swift; path = SearchViewController.swift; sourceTree = "<group>"; };
		EA455A3028BCC276002EDAE9 /* DownloadsViewController.swift */ = {isa = PBXFileReference; lastKnownFileType = sourcecode.swift; path = DownloadsViewController.swift; sourceTree = "<group>"; };
		EA455A3428BCCC1C002EDAE9 /* HomeFeedCollectionViewCell.swift */ = {isa = PBXFileReference; lastKnownFileType = sourcecode.swift; path = HomeFeedCollectionViewCell.swift; sourceTree = "<group>"; };
		EA455A3628BCD22F002EDAE9 /* HomeFeedCollectionHeaderView.swift */ = {isa = PBXFileReference; lastKnownFileType = sourcecode.swift; path = HomeFeedCollectionHeaderView.swift; sourceTree = "<group>"; };
		EA555BDC28BC8FA6008311A7 /* ott-sample-design.app */ = {isa = PBXFileReference; explicitFileType = wrapper.application; includeInIndex = 0; path = "ott-sample-design.app"; sourceTree = BUILT_PRODUCTS_DIR; };
		EA555BDF28BC8FA6008311A7 /* AppDelegate.swift */ = {isa = PBXFileReference; lastKnownFileType = sourcecode.swift; path = AppDelegate.swift; sourceTree = "<group>"; };
		EA555BE128BC8FA6008311A7 /* SceneDelegate.swift */ = {isa = PBXFileReference; lastKnownFileType = sourcecode.swift; path = SceneDelegate.swift; sourceTree = "<group>"; };
		EA555BE328BC8FA6008311A7 /* ViewController.swift */ = {isa = PBXFileReference; lastKnownFileType = sourcecode.swift; path = ViewController.swift; sourceTree = "<group>"; };
		EA555BE828BC8FA8008311A7 /* Assets.xcassets */ = {isa = PBXFileReference; lastKnownFileType = folder.assetcatalog; path = Assets.xcassets; sourceTree = "<group>"; };
		EA555BEB28BC8FA8008311A7 /* Base */ = {isa = PBXFileReference; lastKnownFileType = file.storyboard; name = Base; path = Base.lproj/LaunchScreen.storyboard; sourceTree = "<group>"; };
		EA555BED28BC8FA8008311A7 /* Info.plist */ = {isa = PBXFileReference; lastKnownFileType = text.plist.xml; path = Info.plist; sourceTree = "<group>"; };
		EA70DE9128BDE2DC003D19A6 /* HomeFeedContentsCollectionCell.swift */ = {isa = PBXFileReference; lastKnownFileType = sourcecode.swift; path = HomeFeedContentsCollectionCell.swift; sourceTree = "<group>"; };
		EA70DE9328BDFD3F003D19A6 /* HomeHeaderView.swift */ = {isa = PBXFileReference; lastKnownFileType = sourcecode.swift; path = HomeHeaderView.swift; sourceTree = "<group>"; };
/* End PBXFileReference section */

/* Begin PBXFrameworksBuildPhase section */
		EA555BD928BC8FA6008311A7 /* Frameworks */ = {
			isa = PBXFrameworksBuildPhase;
			buildActionMask = 2147483647;
			files = (
			);
			runOnlyForDeploymentPostprocessing = 0;
		};
/* End PBXFrameworksBuildPhase section */

/* Begin PBXGroup section */
		EA455A2728BCB1FF002EDAE9 /* ViewController */ = {
			isa = PBXGroup;
			children = (
				EA455A2828BCB26A002EDAE9 /* MainViewController.swift */,
				EA455A2A28BCC1BA002EDAE9 /* HomeViewController.swift */,
				EA455A2C28BCC1C9002EDAE9 /* UpcommingViewController.swift */,
				EA455A2E28BCC21C002EDAE9 /* SearchViewController.swift */,
				EA455A3028BCC276002EDAE9 /* DownloadsViewController.swift */,
			);
			path = ViewController;
			sourceTree = "<group>";
		};
		EA455A3228BCCBB6002EDAE9 /* View */ = {
			isa = PBXGroup;
			children = (
				EA455A3328BCCC0C002EDAE9 /* CollectionViewCell */,
			);
			path = View;
			sourceTree = "<group>";
		};
		EA455A3328BCCC0C002EDAE9 /* CollectionViewCell */ = {
			isa = PBXGroup;
			children = (
				EA455A3428BCCC1C002EDAE9 /* HomeFeedCollectionViewCell.swift */,
				EA455A3628BCD22F002EDAE9 /* HomeFeedCollectionHeaderView.swift */,
				EA70DE9128BDE2DC003D19A6 /* HomeFeedContentsCollectionCell.swift */,
				EA70DE9328BDFD3F003D19A6 /* HomeHeaderView.swift */,
			);
			path = CollectionViewCell;
			sourceTree = "<group>";
		};
		EA555BD328BC8FA6008311A7 = {
			isa = PBXGroup;
			children = (
				EA555BDE28BC8FA6008311A7 /* ott-sample-design */,
				EA555BDD28BC8FA6008311A7 /* Products */,
			);
			sourceTree = "<group>";
		};
		EA555BDD28BC8FA6008311A7 /* Products */ = {
			isa = PBXGroup;
			children = (
				EA555BDC28BC8FA6008311A7 /* ott-sample-design.app */,
			);
			name = Products;
			sourceTree = "<group>";
		};
		EA555BDE28BC8FA6008311A7 /* ott-sample-design */ = {
			isa = PBXGroup;
			children = (
				EA455A3228BCCBB6002EDAE9 /* View */,
				EA455A2728BCB1FF002EDAE9 /* ViewController */,
				EA555BDF28BC8FA6008311A7 /* AppDelegate.swift */,
				EA555BE128BC8FA6008311A7 /* SceneDelegate.swift */,
				EA555BE328BC8FA6008311A7 /* ViewController.swift */,
				EA555BE828BC8FA8008311A7 /* Assets.xcassets */,
				EA555BEA28BC8FA8008311A7 /* LaunchScreen.storyboard */,
				EA555BED28BC8FA8008311A7 /* Info.plist */,
			);
			path = "ott-sample-design";
			sourceTree = "<group>";
		};
/* End PBXGroup section */

/* Begin PBXNativeTarget section */
		EA555BDB28BC8FA6008311A7 /* ott-sample-design */ = {
			isa = PBXNativeTarget;
			buildConfigurationList = EA555BF028BC8FA8008311A7 /* Build configuration list for PBXNativeTarget "ott-sample-design" */;
			buildPhases = (
				EA555BD828BC8FA6008311A7 /* Sources */,
				EA555BD928BC8FA6008311A7 /* Frameworks */,
				EA555BDA28BC8FA6008311A7 /* Resources */,
			);
			buildRules = (
			);
			dependencies = (
			);
			name = "ott-sample-design";
			productName = "ott-sample-design";
			productReference = EA555BDC28BC8FA6008311A7 /* ott-sample-design.app */;
			productType = "com.apple.product-type.application";
		};
/* End PBXNativeTarget section */

/* Begin PBXProject section */
		EA555BD428BC8FA6008311A7 /* Project object */ = {
			isa = PBXProject;
			attributes = {
				BuildIndependentTargetsInParallel = 1;
				LastSwiftUpdateCheck = 1340;
				LastUpgradeCheck = 1340;
				TargetAttributes = {
					EA555BDB28BC8FA6008311A7 = {
						CreatedOnToolsVersion = 13.4.1;
					};
				};
			};
			buildConfigurationList = EA555BD728BC8FA6008311A7 /* Build configuration list for PBXProject "ott-sample-design" */;
			compatibilityVersion = "Xcode 13.0";
			developmentRegion = en;
			hasScannedForEncodings = 0;
			knownRegions = (
				en,
				Base,
			);
			mainGroup = EA555BD328BC8FA6008311A7;
			productRefGroup = EA555BDD28BC8FA6008311A7 /* Products */;
			projectDirPath = "";
			projectRoot = "";
			targets = (
				EA555BDB28BC8FA6008311A7 /* ott-sample-design */,
			);
		};
/* End PBXProject section */

/* Begin PBXResourcesBuildPhase section */
		EA555BDA28BC8FA6008311A7 /* Resources */ = {
			isa = PBXResourcesBuildPhase;
			buildActionMask = 2147483647;
			files = (
				EA555BEC28BC8FA8008311A7 /* LaunchScreen.storyboard in Resources */,
				EA555BE928BC8FA8008311A7 /* Assets.xcassets in Resources */,
			);
			runOnlyForDeploymentPostprocessing = 0;
		};
/* End PBXResourcesBuildPhase section */

/* Begin PBXSourcesBuildPhase section */
		EA555BD828BC8FA6008311A7 /* Sources */ = {
			isa = PBXSourcesBuildPhase;
			buildActionMask = 2147483647;
			files = (
				EA70DE9428BDFD3F003D19A6 /* HomeHeaderView.swift in Sources */,
				EA455A2B28BCC1BA002EDAE9 /* HomeViewController.swift in Sources */,
				EA70DE9228BDE2DC003D19A6 /* HomeFeedContentsCollectionCell.swift in Sources */,
				EA455A2F28BCC21C002EDAE9 /* SearchViewController.swift in Sources */,
				EA455A3128BCC277002EDAE9 /* DownloadsViewController.swift in Sources */,
				EA555BE428BC8FA6008311A7 /* ViewController.swift in Sources */,
				EA555BE028BC8FA6008311A7 /* AppDelegate.swift in Sources */,
				EA455A3528BCCC1C002EDAE9 /* HomeFeedCollectionViewCell.swift in Sources */,
				EA455A3728BCD22F002EDAE9 /* HomeFeedCollectionHeaderView.swift in Sources */,
				EA455A2D28BCC1C9002EDAE9 /* UpcommingViewController.swift in Sources */,
				EA555BE228BC8FA6008311A7 /* SceneDelegate.swift in Sources */,
				EA455A2928BCB26A002EDAE9 /* MainViewController.swift in Sources */,
			);
			runOnlyForDeploymentPostprocessing = 0;
		};
/* End PBXSourcesBuildPhase section */

/* Begin PBXVariantGroup section */
		EA555BEA28BC8FA8008311A7 /* LaunchScreen.storyboard */ = {
			isa = PBXVariantGroup;
			children = (
				EA555BEB28BC8FA8008311A7 /* Base */,
			);
			name = LaunchScreen.storyboard;
			sourceTree = "<group>";
		};
/* End PBXVariantGroup section */

/* Begin XCBuildConfiguration section */
		EA555BEE28BC8FA8008311A7 /* Debug */ = {
			isa = XCBuildConfiguration;
			buildSettings = {
				ALWAYS_SEARCH_USER_PATHS = NO;
				CLANG_ANALYZER_NONNULL = YES;
				CLANG_ANALYZER_NUMBER_OBJECT_CONVERSION = YES_AGGRESSIVE;
				CLANG_CXX_LANGUAGE_STANDARD = "gnu++17";
				CLANG_ENABLE_MODULES = YES;
				CLANG_ENABLE_OBJC_ARC = YES;
				CLANG_ENABLE_OBJC_WEAK = YES;
				CLANG_WARN_BLOCK_CAPTURE_AUTORELEASING = YES;
				CLANG_WARN_BOOL_CONVERSION = YES;
				CLANG_WARN_COMMA = YES;
				CLANG_WARN_CONSTANT_CONVERSION = YES;
				CLANG_WARN_DEPRECATED_OBJC_IMPLEMENTATIONS = YES;
				CLANG_WARN_DIRECT_OBJC_ISA_USAGE = YES_ERROR;
				CLANG_WARN_DOCUMENTATION_COMMENTS = YES;
				CLANG_WARN_EMPTY_BODY = YES;
				CLANG_WARN_ENUM_CONVERSION = YES;
				CLANG_WARN_INFINITE_RECURSION = YES;
				CLANG_WARN_INT_CONVERSION = YES;
				CLANG_WARN_NON_LITERAL_NULL_CONVERSION = YES;
				CLANG_WARN_OBJC_IMPLICIT_RETAIN_SELF = YES;
				CLANG_WARN_OBJC_LITERAL_CONVERSION = YES;
				CLANG_WARN_OBJC_ROOT_CLASS = YES_ERROR;
				CLANG_WARN_QUOTED_INCLUDE_IN_FRAMEWORK_HEADER = YES;
				CLANG_WARN_RANGE_LOOP_ANALYSIS = YES;
				CLANG_WARN_STRICT_PROTOTYPES = YES;
				CLANG_WARN_SUSPICIOUS_MOVE = YES;
				CLANG_WARN_UNGUARDED_AVAILABILITY = YES_AGGRESSIVE;
				CLANG_WARN_UNREACHABLE_CODE = YES;
				CLANG_WARN__DUPLICATE_METHOD_MATCH = YES;
				COPY_PHASE_STRIP = NO;
				DEBUG_INFORMATION_FORMAT = dwarf;
				ENABLE_STRICT_OBJC_MSGSEND = YES;
				ENABLE_TESTABILITY = YES;
				GCC_C_LANGUAGE_STANDARD = gnu11;
				GCC_DYNAMIC_NO_PIC = NO;
				GCC_NO_COMMON_BLOCKS = YES;
				GCC_OPTIMIZATION_LEVEL = 0;
				GCC_PREPROCESSOR_DEFINITIONS = (
					"DEBUG=1",
					"$(inherited)",
				);
				GCC_WARN_64_TO_32_BIT_CONVERSION = YES;
				GCC_WARN_ABOUT_RETURN_TYPE = YES_ERROR;
				GCC_WARN_UNDECLARED_SELECTOR = YES;
				GCC_WARN_UNINITIALIZED_AUTOS = YES_AGGRESSIVE;
				GCC_WARN_UNUSED_FUNCTION = YES;
				GCC_WARN_UNUSED_VARIABLE = YES;
				IPHONEOS_DEPLOYMENT_TARGET = 15.5;
				MTL_ENABLE_DEBUG_INFO = INCLUDE_SOURCE;
				MTL_FAST_MATH = YES;
				ONLY_ACTIVE_ARCH = YES;
				SDKROOT = iphoneos;
				SWIFT_ACTIVE_COMPILATION_CONDITIONS = DEBUG;
				SWIFT_OPTIMIZATION_LEVEL = "-Onone";
			};
			name = Debug;
		};
		EA555BEF28BC8FA8008311A7 /* Release */ = {
			isa = XCBuildConfiguration;
			buildSettings = {
				ALWAYS_SEARCH_USER_PATHS = NO;
				CLANG_ANALYZER_NONNULL = YES;
				CLANG_ANALYZER_NUMBER_OBJECT_CONVERSION = YES_AGGRESSIVE;
				CLANG_CXX_LANGUAGE_STANDARD = "gnu++17";
				CLANG_ENABLE_MODULES = YES;
				CLANG_ENABLE_OBJC_ARC = YES;
				CLANG_ENABLE_OBJC_WEAK = YES;
				CLANG_WARN_BLOCK_CAPTURE_AUTORELEASING = YES;
				CLANG_WARN_BOOL_CONVERSION = YES;
				CLANG_WARN_COMMA = YES;
				CLANG_WARN_CONSTANT_CONVERSION = YES;
				CLANG_WARN_DEPRECATED_OBJC_IMPLEMENTATIONS = YES;
				CLANG_WARN_DIRECT_OBJC_ISA_USAGE = YES_ERROR;
				CLANG_WARN_DOCUMENTATION_COMMENTS = YES;
				CLANG_WARN_EMPTY_BODY = YES;
				CLANG_WARN_ENUM_CONVERSION = YES;
				CLANG_WARN_INFINITE_RECURSION = YES;
				CLANG_WARN_INT_CONVERSION = YES;
				CLANG_WARN_NON_LITERAL_NULL_CONVERSION = YES;
				CLANG_WARN_OBJC_IMPLICIT_RETAIN_SELF = YES;
				CLANG_WARN_OBJC_LITERAL_CONVERSION = YES;
				CLANG_WARN_OBJC_ROOT_CLASS = YES_ERROR;
				CLANG_WARN_QUOTED_INCLUDE_IN_FRAMEWORK_HEADER = YES;
				CLANG_WARN_RANGE_LOOP_ANALYSIS = YES;
				CLANG_WARN_STRICT_PROTOTYPES = YES;
				CLANG_WARN_SUSPICIOUS_MOVE = YES;
				CLANG_WARN_UNGUARDED_AVAILABILITY = YES_AGGRESSIVE;
				CLANG_WARN_UNREACHABLE_CODE = YES;
				CLANG_WARN__DUPLICATE_METHOD_MATCH = YES;
				COPY_PHASE_STRIP = NO;
				DEBUG_INFORMATION_FORMAT = "dwarf-with-dsym";
				ENABLE_NS_ASSERTIONS = NO;
				ENABLE_STRICT_OBJC_MSGSEND = YES;
				GCC_C_LANGUAGE_STANDARD = gnu11;
				GCC_NO_COMMON_BLOCKS = YES;
				GCC_WARN_64_TO_32_BIT_CONVERSION = YES;
				GCC_WARN_ABOUT_RETURN_TYPE = YES_ERROR;
				GCC_WARN_UNDECLARED_SELECTOR = YES;
				GCC_WARN_UNINITIALIZED_AUTOS = YES_AGGRESSIVE;
				GCC_WARN_UNUSED_FUNCTION = YES;
				GCC_WARN_UNUSED_VARIABLE = YES;
				IPHONEOS_DEPLOYMENT_TARGET = 15.5;
				MTL_ENABLE_DEBUG_INFO = NO;
				MTL_FAST_MATH = YES;
				SDKROOT = iphoneos;
				SWIFT_COMPILATION_MODE = wholemodule;
				SWIFT_OPTIMIZATION_LEVEL = "-O";
				VALIDATE_PRODUCT = YES;
			};
			name = Release;
		};
		EA555BF128BC8FA8008311A7 /* Debug */ = {
			isa = XCBuildConfiguration;
			buildSettings = {
				ASSETCATALOG_COMPILER_APPICON_NAME = AppIcon;
				ASSETCATALOG_COMPILER_GLOBAL_ACCENT_COLOR_NAME = AccentColor;
				CODE_SIGN_STYLE = Automatic;
				CURRENT_PROJECT_VERSION = 1;
				DEVELOPMENT_TEAM = FJHLD62USU;
				GENERATE_INFOPLIST_FILE = YES;
				INFOPLIST_FILE = "ott-sample-design/Info.plist";
				INFOPLIST_KEY_UIApplicationSupportsIndirectInputEvents = YES;
				INFOPLIST_KEY_UILaunchStoryboardName = LaunchScreen;
				INFOPLIST_KEY_UISupportedInterfaceOrientations_iPad = "UIInterfaceOrientationPortrait UIInterfaceOrientationPortraitUpsideDown UIInterfaceOrientationLandscapeLeft UIInterfaceOrientationLandscapeRight";
				INFOPLIST_KEY_UISupportedInterfaceOrientations_iPhone = "UIInterfaceOrientationPortrait UIInterfaceOrientationLandscapeLeft UIInterfaceOrientationLandscapeRight";
				LD_RUNPATH_SEARCH_PATHS = (
					"$(inherited)",
					"@executable_path/Frameworks",
				);
				MARKETING_VERSION = 1.0;
				PRODUCT_BUNDLE_IDENTIFIER = "com.gmail.gwonii.hc.ott-sample-design";
				PRODUCT_NAME = "$(TARGET_NAME)";
				SWIFT_EMIT_LOC_STRINGS = YES;
				SWIFT_VERSION = 5.0;
				TARGETED_DEVICE_FAMILY = "1,2";
			};
			name = Debug;
		};
		EA555BF228BC8FA8008311A7 /* Release */ = {
			isa = XCBuildConfiguration;
			buildSettings = {
				ASSETCATALOG_COMPILER_APPICON_NAME = AppIcon;
				ASSETCATALOG_COMPILER_GLOBAL_ACCENT_COLOR_NAME = AccentColor;
				CODE_SIGN_STYLE = Automatic;
				CURRENT_PROJECT_VERSION = 1;
				DEVELOPMENT_TEAM = FJHLD62USU;
				GENERATE_INFOPLIST_FILE = YES;
				INFOPLIST_FILE = "ott-sample-design/Info.plist";
				INFOPLIST_KEY_UIApplicationSupportsIndirectInputEvents = YES;
				INFOPLIST_KEY_UILaunchStoryboardName = LaunchScreen;
				INFOPLIST_KEY_UISupportedInterfaceOrientations_iPad = "UIInterfaceOrientationPortrait UIInterfaceOrientationPortraitUpsideDown UIInterfaceOrientationLandscapeLeft UIInterfaceOrientationLandscapeRight";
				INFOPLIST_KEY_UISupportedInterfaceOrientations_iPhone = "UIInterfaceOrientationPortrait UIInterfaceOrientationLandscapeLeft UIInterfaceOrientationLandscapeRight";
				LD_RUNPATH_SEARCH_PATHS = (
					"$(inherited)",
					"@executable_path/Frameworks",
				);
				MARKETING_VERSION = 1.0;
				PRODUCT_BUNDLE_IDENTIFIER = "com.gmail.gwonii.hc.ott-sample-design";
				PRODUCT_NAME = "$(TARGET_NAME)";
				SWIFT_EMIT_LOC_STRINGS = YES;
				SWIFT_VERSION = 5.0;
				TARGETED_DEVICE_FAMILY = "1,2";
			};
			name = Release;
		};
/* End XCBuildConfiguration section */

/* Begin XCConfigurationList section */
		EA555BD728BC8FA6008311A7 /* Build configuration list for PBXProject "ott-sample-design" */ = {
			isa = XCConfigurationList;
			buildConfigurations = (
				EA555BEE28BC8FA8008311A7 /* Debug */,
				EA555BEF28BC8FA8008311A7 /* Release */,
			);
			defaultConfigurationIsVisible = 0;
			defaultConfigurationName = Release;
		};
		EA555BF028BC8FA8008311A7 /* Build configuration list for PBXNativeTarget "ott-sample-design" */ = {
			isa = XCConfigurationList;
			buildConfigurations = (
				EA555BF128BC8FA8008311A7 /* Debug */,
				EA555BF228BC8FA8008311A7 /* Release */,
			);
			defaultConfigurationIsVisible = 0;
			defaultConfigurationName = Release;
		};
/* End XCConfigurationList section */
	};
	rootObject = EA555BD428BC8FA6008311A7 /* Project object */;
}
